
Microsoft Visual Studio Solution File, Format Version 10.00
# Visual Studio 2008
Project("{FAE04EC0-301F-11D3-BF4B-00C04F79EFBC}") = "Droog.ImMutie.Test", "Droog.ImMutie.Test\Droog.ImMutie.Test.csproj", "{CA71A3C0-EB27-41BF-8C70-B11E81483DE2}"
EndProject
Project("{FAE04EC0-301F-11D3-BF4B-00C04F79EFBC}") = "Droog.ImMutie", "Droog.ImMutie\Droog.ImMutie.csproj", "{BBDDEDE7-408A-423E-9B3D-D0406C3CF81A}"
EndProject
Project("{2150E333-8FDC-42A3-9474-1A3956D46DE8}") = "Solution Items", "Solution Items", "{A2AE4DA8-AFF6-4901-9555-4A28C37FAA74}"
	ProjectSection(SolutionItems) = preProject
		README.rst = README.rst
	EndProjectSection
EndProject
Global
	GlobalSection(SolutionConfigurationPlatforms) = preSolution
		Debug|Any CPU = Debug|Any CPU
		Release|Any CPU = Release|Any CPU
	EndGlobalSection
	GlobalSection(ProjectConfigurationPlatforms) = postSolution
		{CA71A3C0-EB27-41BF-8C70-B11E81483DE2}.Debug|Any CPU.ActiveCfg = Debug|Any CPU
		{CA71A3C0-EB27-41BF-8C70-B11E81483DE2}.Debug|Any CPU.Build.0 = Debug|Any CPU
		{CA71A3C0-EB27-41BF-8C70-B11E81483DE2}.Release|Any CPU.ActiveCfg = Release|Any CPU
		{CA71A3C0-EB27-41BF-8C70-B11E81483DE2}.Release|Any CPU.Build.0 = Release|Any CPU
		{BBDDEDE7-408A-423E-9B3D-D0406C3CF81A}.Debug|Any CPU.ActiveCfg = Debug|Any CPU
		{BBDDEDE7-408A-423E-9B3D-D0406C3CF81A}.Debug|Any CPU.Build.0 = Debug|Any CPU
		{BBDDEDE7-408A-423E-9B3D-D0406C3CF81A}.Release|Any CPU.ActiveCfg = Release|Any CPU
		{BBDDEDE7-408A-423E-9B3D-D0406C3CF81A}.Release|Any CPU.Build.0 = Release|Any CPU
	EndGlobalSection
	GlobalSection(SolutionProperties) = preSolution
		HideSolutionNode = FALSE
	EndGlobalSection
EndGlobal
